
Microsoft Visual Studio Solution File, Format Version 12.00
# Visual Studio Version 17
VisualStudioVersion = 17.0.31903.59
MinimumVisualStudioVersion = 10.0.40219.1
Project("{2150E333-8FDC-42A3-9474-1A3956D46DE8}") = "src", "src", "{CF3C5677-B9BE-4581-98F1-F6511D46E0B9}"
EndProject
Project("{FAE04EC0-301F-11D3-BF4B-00C04F79EFBC}") = "UchiRu.QuestBot.Worker", "src\UchiRu.QuestBot.Worker\UchiRu.QuestBot.Worker.csproj", "{CA59525A-7004-4FB7-BF71-C25254F4A1B1}"
EndProject
Global
	GlobalSection(SolutionConfigurationPlatforms) = preSolution
		Debug|Any CPU = Debug|Any CPU
		Release|Any CPU = Release|Any CPU
	EndGlobalSection
	GlobalSection(SolutionProperties) = preSolution
		HideSolutionNode = FALSE
	EndGlobalSection
	GlobalSection(ProjectConfigurationPlatforms) = postSolution
		{CA59525A-7004-4FB7-BF71-C25254F4A1B1}.Debug|Any CPU.ActiveCfg = Debug|Any CPU
		{CA59525A-7004-4FB7-BF71-C25254F4A1B1}.Debug|Any CPU.Build.0 = Debug|Any CPU
		{CA59525A-7004-4FB7-BF71-C25254F4A1B1}.Release|Any CPU.ActiveCfg = Release|Any CPU
		{CA59525A-7004-4FB7-BF71-C25254F4A1B1}.Release|Any CPU.Build.0 = Release|Any CPU
	EndGlobalSection
	GlobalSection(NestedProjects) = preSolution
		{CA59525A-7004-4FB7-BF71-C25254F4A1B1} = {CF3C5677-B9BE-4581-98F1-F6511D46E0B9}
	EndGlobalSection
EndGlobal
